
Microsoft Visual Studio Solution File, Format Version 12.00
# Visual Studio Version 17
VisualStudioVersion = 17.10.34916.146
MinimumVisualStudioVersion = 10.0.40219.1
Project("{FAE04EC0-301F-11D3-BF4B-00C04F79EFBC}") = "CHUONG_5", "CHUONG_5.csproj", "{737E9A0E-2717-4B10-AA99-33F4837485EC}"
EndProject
Global
	GlobalSection(SolutionConfigurationPlatforms) = preSolution
		Debug|Any CPU = Debug|Any CPU
		Release|Any CPU = Release|Any CPU
	EndGlobalSection
	GlobalSection(ProjectConfigurationPlatforms) = postSolution
		{737E9A0E-2717-4B10-AA99-33F4837485EC}.Debug|Any CPU.ActiveCfg = Debug|Any CPU
		{737E9A0E-2717-4B10-AA99-33F4837485EC}.Debug|Any CPU.Build.0 = Debug|Any CPU
		{737E9A0E-2717-4B10-AA99-33F4837485EC}.Release|Any CPU.ActiveCfg = Release|Any CPU
		{737E9A0E-2717-4B10-AA99-33F4837485EC}.Release|Any CPU.Build.0 = Release|Any CPU
	EndGlobalSection
	GlobalSection(SolutionProperties) = preSolution
		HideSolutionNode = FALSE
	EndGlobalSection
	GlobalSection(ExtensibilityGlobals) = postSolution
		SolutionGuid = {8C332FA7-2898-46A5-B3BB-BCC2CAF73F93}
	EndGlobalSection
EndGlobal
